<?xml version="1.0" encoding="utf-8"?>
<Project ToolsVersion="4.0" xmlns="http://schemas.microsoft.com/developer/msbuild/2003">
  <ItemGroup>
    <ClCompile Include="src\simpleStructs\candle.cpp">
      <Filter>simpleStructs</Filter>
    </ClCompile>
    <ClCompile Include="src\utils\utils.cpp">
      <Filter>utils</Filter>
    </ClCompile>
    <ClCompile Include="src\main.cpp" />
    <ClCompile Include="src\indicators\superTrend.cpp">
      <Filter>indicators</Filter>
    </ClCompile>
    <ClCompile Include="src\indicators\trueRange.cpp">
      <Filter>indicators</Filter>
    </ClCompile>
  </ItemGroup>
  <ItemGroup>
    <Filter Include="simpleStructs">
      <UniqueIdentifier>{2854f3eb-676c-4916-8e0c-100f5bdaecb7}</UniqueIdentifier>
    </Filter>
    <Filter Include="third_party">
      <UniqueIdentifier>{579b280f-f617-48cc-adfb-bc0b3528ffa2}</UniqueIdentifier>
    </Filter>
    <Filter Include="utils">
      <UniqueIdentifier>{7a4933c7-4978-44f8-a043-9e439ea52e50}</UniqueIdentifier>
    </Filter>
    <Filter Include="indicators">
      <UniqueIdentifier>{325e142e-1f01-4874-9dde-d22e5ff49dec}</UniqueIdentifier>
    </Filter>
  </ItemGroup>
  <ItemGroup>
    <ClInclude Include="third_party\json.hpp">
      <Filter>third_party</Filter>
    </ClInclude>
    <ClInclude Include="src\simpleStructs\candle.h">
      <Filter>simpleStructs</Filter>
    </ClInclude>
    <ClInclude Include="src\utils\utils.h">
      <Filter>utils</Filter>
    </ClInclude>
    <ClInclude Include="src\indicators\superTrend.h">
      <Filter>indicators</Filter>
    </ClInclude>
    <ClInclude Include="src\indicators\trueRange.h">
      <Filter>indicators</Filter>
    </ClInclude>
  </ItemGroup>
</Project>